// !$*UTF8*$!
{
	archiveVersion = 1;
	classes = {
	};
	objectVersion = 77;
	objects = {

/* Begin PBXBuildFile section */
		BF1ED07A283D01CC00D6B380 /* PowerAuthKeychainAuthentication.h in Headers */ = {isa = PBXBuildFile; fileRef = BF1ED078283D01CC00D6B380 /* PowerAuthKeychainAuthentication.h */; settings = {ATTRIBUTES = (Public, ); }; };
		BF1ED07B283D01CC00D6B380 /* PowerAuthKeychainAuthentication.m in Sources */ = {isa = PBXBuildFile; fileRef = BF1ED079283D01CC00D6B380 /* PowerAuthKeychainAuthentication.m */; };
		BF1ED0AB2844C2E400D6B380 /* PowerAuthOperationTask.h in Headers */ = {isa = PBXBuildFile; fileRef = BF1ED0AA2844C2E400D6B380 /* PowerAuthOperationTask.h */; settings = {ATTRIBUTES = (Public, ); }; };
		BF1ED0AE2844C3FD00D6B380 /* PA2SimpleCancelable.h in Headers */ = {isa = PBXBuildFile; fileRef = BF1ED0AC2844C3FD00D6B380 /* PA2SimpleCancelable.h */; };
		BF1ED0AF2844C3FD00D6B380 /* PA2SimpleCancelable.m in Sources */ = {isa = PBXBuildFile; fileRef = BF1ED0AD2844C3FD00D6B380 /* PA2SimpleCancelable.m */; };
		BF1ED0C9284775E200D6B380 /* PA2GroupedTask.h in Headers */ = {isa = PBXBuildFile; fileRef = BF1ED0C7284775E200D6B380 /* PA2GroupedTask.h */; };
		BF1ED0CA284775E200D6B380 /* PA2GroupedTask.m in Sources */ = {isa = PBXBuildFile; fileRef = BF1ED0C8284775E200D6B380 /* PA2GroupedTask.m */; };
		BF1ED0CD284775FA00D6B380 /* PA2CreateTokenTask.h in Headers */ = {isa = PBXBuildFile; fileRef = BF1ED0CB284775FA00D6B380 /* PA2CreateTokenTask.h */; };
		BF1ED0CE284775FA00D6B380 /* PA2CreateTokenTask.m in Sources */ = {isa = PBXBuildFile; fileRef = BF1ED0CC284775FA00D6B380 /* PA2CreateTokenTask.m */; };
		BF4B3589285209CA009A03EF /* PowerAuthAuthentication+Private.h in Headers */ = {isa = PBXBuildFile; fileRef = BF4B3588285209CA009A03EF /* PowerAuthAuthentication+Private.h */; };
		BF667E55282D3F5F006E97F8 /* PA2TokenDataLock.h in Headers */ = {isa = PBXBuildFile; fileRef = BF667E54282D3F5F006E97F8 /* PA2TokenDataLock.h */; };
		BF86E856263C1EBE004C8AE5 /* PowerAuthSystem.m in Sources */ = {isa = PBXBuildFile; fileRef = BF86E81F263C1EBD004C8AE5 /* PowerAuthSystem.m */; };
		BF86E857263C1EBE004C8AE5 /* PowerAuthLog.m in Sources */ = {isa = PBXBuildFile; fileRef = BF86E820263C1EBD004C8AE5 /* PowerAuthLog.m */; };
		BF86E858263C1EBE004C8AE5 /* PowerAuthSessionStatusProvider.h in Headers */ = {isa = PBXBuildFile; fileRef = BF86E821263C1EBD004C8AE5 /* PowerAuthSessionStatusProvider.h */; settings = {ATTRIBUTES = (Public, ); }; };
		BF86E859263C1EBE004C8AE5 /* PowerAuthKeychainConfiguration.h in Headers */ = {isa = PBXBuildFile; fileRef = BF86E822263C1EBD004C8AE5 /* PowerAuthKeychainConfiguration.h */; settings = {ATTRIBUTES = (Public, ); }; };
		BF86E85A263C1EBE004C8AE5 /* PowerAuthAuthentication.h in Headers */ = {isa = PBXBuildFile; fileRef = BF86E823263C1EBD004C8AE5 /* PowerAuthAuthentication.h */; settings = {ATTRIBUTES = (Public, ); }; };
		BF86E85B263C1EBE004C8AE5 /* PowerAuthErrorConstants.m in Sources */ = {isa = PBXBuildFile; fileRef = BF86E824263C1EBD004C8AE5 /* PowerAuthErrorConstants.m */; };
		BF86E85C263C1EBE004C8AE5 /* PowerAuth2ForWatch.h in Headers */ = {isa = PBXBuildFile; fileRef = BF86E825263C1EBD004C8AE5 /* PowerAuth2ForWatch.h */; settings = {ATTRIBUTES = (Public, ); }; };
		BF86E85D263C1EBE004C8AE5 /* PowerAuthKeychain.h in Headers */ = {isa = PBXBuildFile; fileRef = BF86E826263C1EBD004C8AE5 /* PowerAuthKeychain.h */; settings = {ATTRIBUTES = (Public, ); }; };
		BF86E85E263C1EBE004C8AE5 /* PowerAuthConfiguration.h in Headers */ = {isa = PBXBuildFile; fileRef = BF86E827263C1EBD004C8AE5 /* PowerAuthConfiguration.h */; settings = {ATTRIBUTES = (Public, ); }; };
		BF86E85F263C1EBE004C8AE5 /* PowerAuthWCSessionManager.h in Headers */ = {isa = PBXBuildFile; fileRef = BF86E828263C1EBD004C8AE5 /* PowerAuthWCSessionManager.h */; settings = {ATTRIBUTES = (Public, ); }; };
		BF86E860263C1EBE004C8AE5 /* PowerAuthWatchSDK.m in Sources */ = {isa = PBXBuildFile; fileRef = BF86E829263C1EBD004C8AE5 /* PowerAuthWatchSDK.m */; };
		BF86E861263C1EBE004C8AE5 /* PowerAuthLog.h in Headers */ = {isa = PBXBuildFile; fileRef = BF86E82A263C1EBD004C8AE5 /* PowerAuthLog.h */; settings = {ATTRIBUTES = (Public, ); }; };
		BF86E862263C1EBE004C8AE5 /* PowerAuthSystem.h in Headers */ = {isa = PBXBuildFile; fileRef = BF86E82B263C1EBD004C8AE5 /* PowerAuthSystem.h */; settings = {ATTRIBUTES = (Public, ); }; };
		BF86E865263C1EBE004C8AE5 /* PowerAuthWCSessionManager_WatchServices.m in Sources */ = {isa = PBXBuildFile; fileRef = BF86E82F263C1EBD004C8AE5 /* PowerAuthWCSessionManager_WatchServices.m */; };
		BF86E866263C1EBE004C8AE5 /* PA2WatchSynchronizationService.h in Headers */ = {isa = PBXBuildFile; fileRef = BF86E830263C1EBD004C8AE5 /* PA2WatchSynchronizationService.h */; };
		BF86E867263C1EBE004C8AE5 /* PA2WCSessionDataHandler.h in Headers */ = {isa = PBXBuildFile; fileRef = BF86E831263C1EBD004C8AE5 /* PA2WCSessionDataHandler.h */; };
		BF86E868263C1EBE004C8AE5 /* PA2WCSessionPacket_Constants.m in Sources */ = {isa = PBXBuildFile; fileRef = BF86E832263C1EBD004C8AE5 /* PA2WCSessionPacket_Constants.m */; };
		BF86E869263C1EBE004C8AE5 /* PA2PrivateRemoteTokenProvider.h in Headers */ = {isa = PBXBuildFile; fileRef = BF86E833263C1EBD004C8AE5 /* PA2PrivateRemoteTokenProvider.h */; };
		BF86E86A263C1EBE004C8AE5 /* PA2PrivateTokenKeychainStore.m in Sources */ = {isa = PBXBuildFile; fileRef = BF86E834263C1EBD004C8AE5 /* PA2PrivateTokenKeychainStore.m */; };
		BF86E86B263C1EBE004C8AE5 /* PA2WeakArray.m in Sources */ = {isa = PBXBuildFile; fileRef = BF86E835263C1EBD004C8AE5 /* PA2WeakArray.m */; };
		BF86E86C263C1EBE004C8AE5 /* PA2WatchRemoteTokenProvider.h in Headers */ = {isa = PBXBuildFile; fileRef = BF86E836263C1EBD004C8AE5 /* PA2WatchRemoteTokenProvider.h */; };
		BF86E86D263C1EBE004C8AE5 /* PA2WCSessionPacket_TokenData.m in Sources */ = {isa = PBXBuildFile; fileRef = BF86E837263C1EBD004C8AE5 /* PA2WCSessionPacket_TokenData.m */; };
		BF86E86E263C1EBE004C8AE5 /* PA2PrivateMacros.h in Headers */ = {isa = PBXBuildFile; fileRef = BF86E838263C1EBD004C8AE5 /* PA2PrivateMacros.h */; };
		BF86E86F263C1EBE004C8AE5 /* PA2PrivateTokenData.h in Headers */ = {isa = PBXBuildFile; fileRef = BF86E839263C1EBD004C8AE5 /* PA2PrivateTokenData.h */; };
		BF86E870263C1EBE004C8AE5 /* PA2WCSessionPacket.h in Headers */ = {isa = PBXBuildFile; fileRef = BF86E83A263C1EBD004C8AE5 /* PA2WCSessionPacket.h */; };
		BF86E871263C1EBE004C8AE5 /* PA2WCSessionPacket_Success.m in Sources */ = {isa = PBXBuildFile; fileRef = BF86E83B263C1EBD004C8AE5 /* PA2WCSessionPacket_Success.m */; };
		BF86E872263C1EBE004C8AE5 /* PA2WCSessionPacket_ActivationStatus.h in Headers */ = {isa = PBXBuildFile; fileRef = BF86E83C263C1EBD004C8AE5 /* PA2WCSessionPacket_ActivationStatus.h */; };
		BF86E873263C1EBE004C8AE5 /* PA2WatchSynchronizationService.m in Sources */ = {isa = PBXBuildFile; fileRef = BF86E83D263C1EBD004C8AE5 /* PA2WatchSynchronizationService.m */; };
		BF86E875263C1EBE004C8AE5 /* PA2PrivateTokenKeychainStore.h in Headers */ = {isa = PBXBuildFile; fileRef = BF86E83F263C1EBD004C8AE5 /* PA2PrivateTokenKeychainStore.h */; };
		BF86E876263C1EBE004C8AE5 /* PA2WCSessionPacket_Constants.h in Headers */ = {isa = PBXBuildFile; fileRef = BF86E840263C1EBD004C8AE5 /* PA2WCSessionPacket_Constants.h */; };
		BF86E877263C1EBE004C8AE5 /* PA2WCSessionPacket.m in Sources */ = {isa = PBXBuildFile; fileRef = BF86E841263C1EBD004C8AE5 /* PA2WCSessionPacket.m */; };
		BF86E878263C1EBE004C8AE5 /* PA2PrivateTokenData.m in Sources */ = {isa = PBXBuildFile; fileRef = BF86E842263C1EBD004C8AE5 /* PA2PrivateTokenData.m */; };
		BF86E879263C1EBE004C8AE5 /* PA2PrivateMacros.m in Sources */ = {isa = PBXBuildFile; fileRef = BF86E843263C1EBD004C8AE5 /* PA2PrivateMacros.m */; };
		BF86E87A263C1EBE004C8AE5 /* PA2WCSessionPacket_TokenData.h in Headers */ = {isa = PBXBuildFile; fileRef = BF86E844263C1EBD004C8AE5 /* PA2WCSessionPacket_TokenData.h */; };
		BF86E87B263C1EBE004C8AE5 /* PA2WeakArray.h in Headers */ = {isa = PBXBuildFile; fileRef = BF86E845263C1EBD004C8AE5 /* PA2WeakArray.h */; };
		BF86E87C263C1EBE004C8AE5 /* PA2WatchRemoteTokenProvider.m in Sources */ = {isa = PBXBuildFile; fileRef = BF86E846263C1EBD004C8AE5 /* PA2WatchRemoteTokenProvider.m */; };
		BF86E87D263C1EBE004C8AE5 /* PowerAuthWCSessionManager+Private.h in Headers */ = {isa = PBXBuildFile; fileRef = BF86E847263C1EBD004C8AE5 /* PowerAuthWCSessionManager+Private.h */; };
		BF86E87E263C1EBE004C8AE5 /* PA2WCSessionPacket_ActivationStatus.m in Sources */ = {isa = PBXBuildFile; fileRef = BF86E848263C1EBD004C8AE5 /* PA2WCSessionPacket_ActivationStatus.m */; };
		BF86E87F263C1EBE004C8AE5 /* PA2WCSessionPacket_Success.h in Headers */ = {isa = PBXBuildFile; fileRef = BF86E849263C1EBD004C8AE5 /* PA2WCSessionPacket_Success.h */; };
		BF86E880263C1EBE004C8AE5 /* PA2PrivateTokenInterfaces.h in Headers */ = {isa = PBXBuildFile; fileRef = BF86E84A263C1EBD004C8AE5 /* PA2PrivateTokenInterfaces.h */; };
		BF86E881263C1EBE004C8AE5 /* PowerAuthAuthentication.m in Sources */ = {isa = PBXBuildFile; fileRef = BF86E84B263C1EBD004C8AE5 /* PowerAuthAuthentication.m */; };
		BF86E882263C1EBE004C8AE5 /* PowerAuthKeychainConfiguration.m in Sources */ = {isa = PBXBuildFile; fileRef = BF86E84C263C1EBD004C8AE5 /* PowerAuthKeychainConfiguration.m */; };
		BF86E883263C1EBE004C8AE5 /* PowerAuthErrorConstants.h in Headers */ = {isa = PBXBuildFile; fileRef = BF86E84E263C1EBD004C8AE5 /* PowerAuthErrorConstants.h */; settings = {ATTRIBUTES = (Public, ); }; };
		BF86E884263C1EBE004C8AE5 /* PowerAuthWatchSDK.h in Headers */ = {isa = PBXBuildFile; fileRef = BF86E84F263C1EBD004C8AE5 /* PowerAuthWatchSDK.h */; settings = {ATTRIBUTES = (Public, ); }; };
		BF86E885263C1EBE004C8AE5 /* PowerAuthMacros.h in Headers */ = {isa = PBXBuildFile; fileRef = BF86E850263C1EBD004C8AE5 /* PowerAuthMacros.h */; settings = {ATTRIBUTES = (Public, ); }; };
		BF86E886263C1EBE004C8AE5 /* PowerAuthWCSessionManager.m in Sources */ = {isa = PBXBuildFile; fileRef = BF86E851263C1EBE004C8AE5 /* PowerAuthWCSessionManager.m */; };
		BF86E888263C1EBE004C8AE5 /* PowerAuthConfiguration.m in Sources */ = {isa = PBXBuildFile; fileRef = BF86E853263C1EBE004C8AE5 /* PowerAuthConfiguration.m */; };
		BF86E889263C1EBE004C8AE5 /* PowerAuthKeychain.m in Sources */ = {isa = PBXBuildFile; fileRef = BF86E854263C1EBE004C8AE5 /* PowerAuthKeychain.m */; };
		BF86E8B0263C231B004C8AE5 /* PowerAuthToken.m in Sources */ = {isa = PBXBuildFile; fileRef = BF86E8AE263C231B004C8AE5 /* PowerAuthToken.m */; };
		BF86E8B1263C231B004C8AE5 /* PowerAuthToken.h in Headers */ = {isa = PBXBuildFile; fileRef = BF86E8AF263C231B004C8AE5 /* PowerAuthToken.h */; settings = {ATTRIBUTES = (Public, ); }; };
		BF86E8B8263C2512004C8AE5 /* PowerAuthDeprecated.h in Headers */ = {isa = PBXBuildFile; fileRef = BF86E8B6263C2512004C8AE5 /* PowerAuthDeprecated.h */; settings = {ATTRIBUTES = (Public, ); }; };
		BF86E8B9263C2512004C8AE5 /* PowerAuthDeprecated.m in Sources */ = {isa = PBXBuildFile; fileRef = BF86E8B7263C2512004C8AE5 /* PowerAuthDeprecated.m */; };
		BF86E8C0263C2707004C8AE5 /* PA2PrivateConstants.h in Headers */ = {isa = PBXBuildFile; fileRef = BF86E8BF263C2706004C8AE5 /* PA2PrivateConstants.h */; };
		BF86E8D6263C2BBF004C8AE5 /* PA2CoreCryptoUtils.h in Headers */ = {isa = PBXBuildFile; fileRef = BF86E8D4263C2BBF004C8AE5 /* PA2CoreCryptoUtils.h */; };
		BF86E8D7263C2BBF004C8AE5 /* PA2CoreCryptoUtils.m in Sources */ = {isa = PBXBuildFile; fileRef = BF86E8D5263C2BBF004C8AE5 /* PA2CoreCryptoUtils.m */; };
		BFE88CC62F741C570072B083 /* PowerAuthHttpHeader.h in Headers */ = {isa = PBXBuildFile; fileRef = BFE88CC42F741C570072B083 /* PowerAuthHttpHeader.h */; settings = {ATTRIBUTES = (Public, ); }; };
		BFE88CC72F741C570072B083 /* PowerAuthHttpHeader.m in Sources */ = {isa = PBXBuildFile; fileRef = BFE88CC52F741C570072B083 /* PowerAuthHttpHeader.m */; };
		BFE88CC92F741D710072B083 /* PowerAuthHttpHeader+Private.h in Headers */ = {isa = PBXBuildFile; fileRef = BFE88CC82F741D710072B083 /* PowerAuthHttpHeader+Private.h */; };
		BFE88CDB2F7BE8D50072B083 /* PA2WCSessionDataHandler.m in Sources */ = {isa = PBXBuildFile; fileRef = BFE88CDA2F7BE8D50072B083 /* PA2WCSessionDataHandler.m */; };
		BFE88CDE2F7BE8ED0072B083 /* PA2WCSessionPacket_TimeSync.h in Headers */ = {isa = PBXBuildFile; fileRef = BFE88CDC2F7BE8ED0072B083 /* PA2WCSessionPacket_TimeSync.h */; };
		BFE88CDF2F7BE8ED0072B083 /* PA2WCSessionPacket_TimeSync.m in Sources */ = {isa = PBXBuildFile; fileRef = BFE88CDD2F7BE8ED0072B083 /* PA2WCSessionPacket_TimeSync.m */; };
		BFE88CE12F7BEA210072B083 /* PowerAuthTimeSynchronizationService.h in Headers */ = {isa = PBXBuildFile; fileRef = BFE88CE02F7BEA210072B083 /* PowerAuthTimeSynchronizationService.h */; settings = {ATTRIBUTES = (Public, ); }; };
		BFE88CE42F7BEAFF0072B083 /* PA2WatchTimeSynchronizationService.h in Headers */ = {isa = PBXBuildFile; fileRef = BFE88CE22F7BEAFF0072B083 /* PA2WatchTimeSynchronizationService.h */; };
		BFE88CE52F7BEAFF0072B083 /* PA2WatchTimeSynchronizationService.m in Sources */ = {isa = PBXBuildFile; fileRef = BFE88CE32F7BEAFF0072B083 /* PA2WatchTimeSynchronizationService.m */; };
		BFE88CE82F7BFA2D0072B083 /* PA2CompositeTask.h in Headers */ = {isa = PBXBuildFile; fileRef = BFE88CE62F7BFA2D0072B083 /* PA2CompositeTask.h */; };
		BFE88CE92F7BFA2D0072B083 /* PA2CompositeTask.m in Sources */ = {isa = PBXBuildFile; fileRef = BFE88CE72F7BFA2D0072B083 /* PA2CompositeTask.m */; };
		BFFC5E162F7160FF00A1411B /* PA2ActivationStatus.m in Sources */ = {isa = PBXBuildFile; fileRef = BFFC5E152F7160FF00A1411B /* PA2ActivationStatus.m */; };
		BFFC5E172F7160FF00A1411B /* PA2ActivationStatus.h in Headers */ = {isa = PBXBuildFile; fileRef = BFFC5E142F7160FF00A1411B /* PA2ActivationStatus.h */; };
/* End PBXBuildFile section */

/* Begin PBXContainerItemProxy section */
		BFFC5E0A2F6D85F200A1411B /* PBXContainerItemProxy */ = {
			isa = PBXContainerItemProxy;
			containerPortal = BFFC5E062F6D6B5E00A1411B /* openssl.xcodeproj */;
			proxyType = 1;
			remoteGlobalIDString = BFFC5DD82F6D62F800A1411B;
			remoteInfo = OpenSSL;
		};
/* End PBXContainerItemProxy section */

/* Begin PBXFileReference section */
		BF1ED078283D01CC00D6B380 /* PowerAuthKeychainAuthentication.h */ = {isa = PBXFileReference; fileEncoding = 4; lastKnownFileType = sourcecode.c.h; path = PowerAuthKeychainAuthentication.h; sourceTree = "<group>"; };
		BF1ED079283D01CC00D6B380 /* PowerAuthKeychainAuthentication.m */ = {isa = PBXFileReference; fileEncoding = 4; lastKnownFileType = sourcecode.c.objc; path = PowerAuthKeychainAuthentication.m; sourceTree = "<group>"; };
		BF1ED0AA2844C2E400D6B380 /* PowerAuthOperationTask.h */ = {isa = PBXFileReference; fileEncoding = 4; lastKnownFileType = sourcecode.c.h; path = PowerAuthOperationTask.h; sourceTree = "<group>"; };
		BF1ED0AC2844C3FD00D6B380 /* PA2SimpleCancelable.h */ = {isa = PBXFileReference; lastKnownFileType = sourcecode.c.h; path = PA2SimpleCancelable.h; sourceTree = "<group>"; };
		BF1ED0AD2844C3FD00D6B380 /* PA2SimpleCancelable.m */ = {isa = PBXFileReference; lastKnownFileType = sourcecode.c.objc; path = PA2SimpleCancelable.m; sourceTree = "<group>"; };
		BF1ED0C7284775E200D6B380 /* PA2GroupedTask.h */ = {isa = PBXFileReference; fileEncoding = 4; lastKnownFileType = sourcecode.c.h; path = PA2GroupedTask.h; sourceTree = "<group>"; };
		BF1ED0C8284775E200D6B380 /* PA2GroupedTask.m */ = {isa = PBXFileReference; fileEncoding = 4; lastKnownFileType = sourcecode.c.objc; path = PA2GroupedTask.m; sourceTree = "<group>"; };
		BF1ED0CB284775FA00D6B380 /* PA2CreateTokenTask.h */ = {isa = PBXFileReference; fileEncoding = 4; lastKnownFileType = sourcecode.c.h; path = PA2CreateTokenTask.h; sourceTree = "<group>"; };
		BF1ED0CC284775FA00D6B380 /* PA2CreateTokenTask.m */ = {isa = PBXFileReference; fileEncoding = 4; lastKnownFileType = sourcecode.c.objc; path = PA2CreateTokenTask.m; sourceTree = "<group>"; };
		BF4B3588285209CA009A03EF /* PowerAuthAuthentication+Private.h */ = {isa = PBXFileReference; fileEncoding = 4; lastKnownFileType = sourcecode.c.h; path = "PowerAuthAuthentication+Private.h"; sourceTree = "<group>"; };
		BF667E54282D3F5F006E97F8 /* PA2TokenDataLock.h */ = {isa = PBXFileReference; fileEncoding = 4; lastKnownFileType = sourcecode.c.h; path = PA2TokenDataLock.h; sourceTree = "<group>"; };
		BF86E80F263C1DDF004C8AE5 /* PowerAuth2ForWatch.framework */ = {isa = PBXFileReference; explicitFileType = wrapper.framework; includeInIndex = 0; path = PowerAuth2ForWatch.framework; sourceTree = BUILT_PRODUCTS_DIR; };
		BF86E81F263C1EBD004C8AE5 /* PowerAuthSystem.m */ = {isa = PBXFileReference; fileEncoding = 4; lastKnownFileType = sourcecode.c.objc; path = PowerAuthSystem.m; sourceTree = "<group>"; };
		BF86E820263C1EBD004C8AE5 /* PowerAuthLog.m */ = {isa = PBXFileReference; fileEncoding = 4; lastKnownFileType = sourcecode.c.objc; path = PowerAuthLog.m; sourceTree = "<group>"; };
		BF86E821263C1EBD004C8AE5 /* PowerAuthSessionStatusProvider.h */ = {isa = PBXFileReference; fileEncoding = 4; lastKnownFileType = sourcecode.c.h; path = PowerAuthSessionStatusProvider.h; sourceTree = "<group>"; };
		BF86E822263C1EBD004C8AE5 /* PowerAuthKeychainConfiguration.h */ = {isa = PBXFileReference; fileEncoding = 4; lastKnownFileType = sourcecode.c.h; path = PowerAuthKeychainConfiguration.h; sourceTree = "<group>"; };
		BF86E823263C1EBD004C8AE5 /* PowerAuthAuthentication.h */ = {isa = PBXFileReference; fileEncoding = 4; lastKnownFileType = sourcecode.c.h; path = PowerAuthAuthentication.h; sourceTree = "<group>"; };
		BF86E824263C1EBD004C8AE5 /* PowerAuthErrorConstants.m */ = {isa = PBXFileReference; fileEncoding = 4; lastKnownFileType = sourcecode.c.objc; path = PowerAuthErrorConstants.m; sourceTree = "<group>"; };
		BF86E825263C1EBD004C8AE5 /* PowerAuth2ForWatch.h */ = {isa = PBXFileReference; fileEncoding = 4; lastKnownFileType = sourcecode.c.h; path = PowerAuth2ForWatch.h; sourceTree = "<group>"; };
		BF86E826263C1EBD004C8AE5 /* PowerAuthKeychain.h */ = {isa = PBXFileReference; fileEncoding = 4; lastKnownFileType = sourcecode.c.h; path = PowerAuthKeychain.h; sourceTree = "<group>"; };
		BF86E827263C1EBD004C8AE5 /* PowerAuthConfiguration.h */ = {isa = PBXFileReference; fileEncoding = 4; lastKnownFileType = sourcecode.c.h; path = PowerAuthConfiguration.h; sourceTree = "<group>"; };
		BF86E828263C1EBD004C8AE5 /* PowerAuthWCSessionManager.h */ = {isa = PBXFileReference; fileEncoding = 4; lastKnownFileType = sourcecode.c.h; path = PowerAuthWCSessionManager.h; sourceTree = "<group>"; };
		BF86E829263C1EBD004C8AE5 /* PowerAuthWatchSDK.m */ = {isa = PBXFileReference; fileEncoding = 4; lastKnownFileType = sourcecode.c.objc; path = PowerAuthWatchSDK.m; sourceTree = "<group>"; };
		BF86E82A263C1EBD004C8AE5 /* PowerAuthLog.h */ = {isa = PBXFileReference; fileEncoding = 4; lastKnownFileType = sourcecode.c.h; path = PowerAuthLog.h; sourceTree = "<group>"; };
		BF86E82B263C1EBD004C8AE5 /* PowerAuthSystem.h */ = {isa = PBXFileReference; fileEncoding = 4; lastKnownFileType = sourcecode.c.h; path = PowerAuthSystem.h; sourceTree = "<group>"; };
		BF86E82F263C1EBD004C8AE5 /* PowerAuthWCSessionManager_WatchServices.m */ = {isa = PBXFileReference; fileEncoding = 4; lastKnownFileType = sourcecode.c.objc; path = PowerAuthWCSessionManager_WatchServices.m; sourceTree = "<group>"; };
		BF86E830263C1EBD004C8AE5 /* PA2WatchSynchronizationService.h */ = {isa = PBXFileReference; fileEncoding = 4; lastKnownFileType = sourcecode.c.h; path = PA2WatchSynchronizationService.h; sourceTree = "<group>"; };
		BF86E831263C1EBD004C8AE5 /* PA2WCSessionDataHandler.h */ = {isa = PBXFileReference; fileEncoding = 4; lastKnownFileType = sourcecode.c.h; path = PA2WCSessionDataHandler.h; sourceTree = "<group>"; };
		BF86E832263C1EBD004C8AE5 /* PA2WCSessionPacket_Constants.m */ = {isa = PBXFileReference; fileEncoding = 4; lastKnownFileType = sourcecode.c.objc; path = PA2WCSessionPacket_Constants.m; sourceTree = "<group>"; };
		BF86E833263C1EBD004C8AE5 /* PA2PrivateRemoteTokenProvider.h */ = {isa = PBXFileReference; fileEncoding = 4; lastKnownFileType = sourcecode.c.h; path = PA2PrivateRemoteTokenProvider.h; sourceTree = "<group>"; };
		BF86E834263C1EBD004C8AE5 /* PA2PrivateTokenKeychainStore.m */ = {isa = PBXFileReference; fileEncoding = 4; lastKnownFileType = sourcecode.c.objc; path = PA2PrivateTokenKeychainStore.m; sourceTree = "<group>"; };
		BF86E835263C1EBD004C8AE5 /* PA2WeakArray.m */ = {isa = PBXFileReference; fileEncoding = 4; lastKnownFileType = sourcecode.c.objc; path = PA2WeakArray.m; sourceTree = "<group>"; };
		BF86E836263C1EBD004C8AE5 /* PA2WatchRemoteTokenProvider.h */ = {isa = PBXFileReference; fileEncoding = 4; lastKnownFileType = sourcecode.c.h; path = PA2WatchRemoteTokenProvider.h; sourceTree = "<group>"; };
		BF86E837263C1EBD004C8AE5 /* PA2WCSessionPacket_TokenData.m */ = {isa = PBXFileReference; fileEncoding = 4; lastKnownFileType = sourcecode.c.objc; path = PA2WCSessionPacket_TokenData.m; sourceTree = "<group>"; };
		BF86E838263C1EBD004C8AE5 /* PA2PrivateMacros.h */ = {isa = PBXFileReference; fileEncoding = 4; lastKnownFileType = sourcecode.c.h; path = PA2PrivateMacros.h; sourceTree = "<group>"; };
		BF86E839263C1EBD004C8AE5 /* PA2PrivateTokenData.h */ = {isa = PBXFileReference; fileEncoding = 4; lastKnownFileType = sourcecode.c.h; path = PA2PrivateTokenData.h; sourceTree = "<group>"; };
		BF86E83A263C1EBD004C8AE5 /* PA2WCSessionPacket.h */ = {isa = PBXFileReference; fileEncoding = 4; lastKnownFileType = sourcecode.c.h; path = PA2WCSessionPacket.h; sourceTree = "<group>"; };
		BF86E83B263C1EBD004C8AE5 /* PA2WCSessionPacket_Success.m */ = {isa = PBXFileReference; fileEncoding = 4; lastKnownFileType = sourcecode.c.objc; path = PA2WCSessionPacket_Success.m; sourceTree = "<group>"; };
		BF86E83C263C1EBD004C8AE5 /* PA2WCSessionPacket_ActivationStatus.h */ = {isa = PBXFileReference; fileEncoding = 4; lastKnownFileType = sourcecode.c.h; path = PA2WCSessionPacket_ActivationStatus.h; sourceTree = "<group>"; };
		BF86E83D263C1EBD004C8AE5 /* PA2WatchSynchronizationService.m */ = {isa = PBXFileReference; fileEncoding = 4; lastKnownFileType = sourcecode.c.objc; path = PA2WatchSynchronizationService.m; sourceTree = "<group>"; };
		BF86E83F263C1EBD004C8AE5 /* PA2PrivateTokenKeychainStore.h */ = {isa = PBXFileReference; fileEncoding = 4; lastKnownFileType = sourcecode.c.h; path = PA2PrivateTokenKeychainStore.h; sourceTree = "<group>"; };
		BF86E840263C1EBD004C8AE5 /* PA2WCSessionPacket_Constants.h */ = {isa = PBXFileReference; fileEncoding = 4; lastKnownFileType = sourcecode.c.h; path = PA2WCSessionPacket_Constants.h; sourceTree = "<group>"; };
		BF86E841263C1EBD004C8AE5 /* PA2WCSessionPacket.m */ = {isa = PBXFileReference; fileEncoding = 4; lastKnownFileType = sourcecode.c.objc; path = PA2WCSessionPacket.m; sourceTree = "<group>"; };
		BF86E842263C1EBD004C8AE5 /* PA2PrivateTokenData.m */ = {isa = PBXFileReference; fileEncoding = 4; lastKnownFileType = sourcecode.c.objc; path = PA2PrivateTokenData.m; sourceTree = "<group>"; };
		BF86E843263C1EBD004C8AE5 /* PA2PrivateMacros.m */ = {isa = PBXFileReference; fileEncoding = 4; lastKnownFileType = sourcecode.c.objc; path = PA2PrivateMacros.m; sourceTree = "<group>"; };
		BF86E844263C1EBD004C8AE5 /* PA2WCSessionPacket_TokenData.h */ = {isa = PBXFileReference; fileEncoding = 4; lastKnownFileType = sourcecode.c.h; path = PA2WCSessionPacket_TokenData.h; sourceTree = "<group>"; };
		BF86E845263C1EBD004C8AE5 /* PA2WeakArray.h */ = {isa = PBXFileReference; fileEncoding = 4; lastKnownFileType = sourcecode.c.h; path = PA2WeakArray.h; sourceTree = "<group>"; };
		BF86E846263C1EBD004C8AE5 /* PA2WatchRemoteTokenProvider.m */ = {isa = PBXFileReference; fileEncoding = 4; lastKnownFileType = sourcecode.c.objc; path = PA2WatchRemoteTokenProvider.m; sourceTree = "<group>"; };
		BF86E847263C1EBD004C8AE5 /* PowerAuthWCSessionManager+Private.h */ = {isa = PBXFileReference; fileEncoding = 4; lastKnownFileType = sourcecode.c.h; path = "PowerAuthWCSessionManager+Private.h"; sourceTree = "<group>"; };
		BF86E848263C1EBD004C8AE5 /* PA2WCSessionPacket_ActivationStatus.m */ = {isa = PBXFileReference; fileEncoding = 4; lastKnownFileType = sourcecode.c.objc; path = PA2WCSessionPacket_ActivationStatus.m; sourceTree = "<group>"; };
		BF86E849263C1EBD004C8AE5 /* PA2WCSessionPacket_Success.h */ = {isa = PBXFileReference; fileEncoding = 4; lastKnownFileType = sourcecode.c.h; path = PA2WCSessionPacket_Success.h; sourceTree = "<group>"; };
		BF86E84A263C1EBD004C8AE5 /* PA2PrivateTokenInterfaces.h */ = {isa = PBXFileReference; fileEncoding = 4; lastKnownFileType = sourcecode.c.h; path = PA2PrivateTokenInterfaces.h; sourceTree = "<group>"; };
		BF86E84B263C1EBD004C8AE5 /* PowerAuthAuthentication.m */ = {isa = PBXFileReference; fileEncoding = 4; lastKnownFileType = sourcecode.c.objc; path = PowerAuthAuthentication.m; sourceTree = "<group>"; };
		BF86E84C263C1EBD004C8AE5 /* PowerAuthKeychainConfiguration.m */ = {isa = PBXFileReference; fileEncoding = 4; lastKnownFileType = sourcecode.c.objc; path = PowerAuthKeychainConfiguration.m; sourceTree = "<group>"; };
		BF86E84D263C1EBD004C8AE5 /* PowerAuth2ForWatch.modulemap */ = {isa = PBXFileReference; fileEncoding = 4; lastKnownFileType = "sourcecode.module-map"; path = PowerAuth2ForWatch.modulemap; sourceTree = "<group>"; };
		BF86E84E263C1EBD004C8AE5 /* PowerAuthErrorConstants.h */ = {isa = PBXFileReference; fileEncoding = 4; lastKnownFileType = sourcecode.c.h; path = PowerAuthErrorConstants.h; sourceTree = "<group>"; };
		BF86E84F263C1EBD004C8AE5 /* PowerAuthWatchSDK.h */ = {isa = PBXFileReference; fileEncoding = 4; lastKnownFileType = sourcecode.c.h; path = PowerAuthWatchSDK.h; sourceTree = "<group>"; };
		BF86E850263C1EBD004C8AE5 /* PowerAuthMacros.h */ = {isa = PBXFileReference; fileEncoding = 4; lastKnownFileType = sourcecode.c.h; path = PowerAuthMacros.h; sourceTree = "<group>"; };
		BF86E851263C1EBE004C8AE5 /* PowerAuthWCSessionManager.m */ = {isa = PBXFileReference; fileEncoding = 4; lastKnownFileType = sourcecode.c.objc; path = PowerAuthWCSessionManager.m; sourceTree = "<group>"; };
		BF86E852263C1EBE004C8AE5 /* Info.plist */ = {isa = PBXFileReference; fileEncoding = 4; lastKnownFileType = text.plist.xml; path = Info.plist; sourceTree = "<group>"; };
		BF86E853263C1EBE004C8AE5 /* PowerAuthConfiguration.m */ = {isa = PBXFileReference; fileEncoding = 4; lastKnownFileType = sourcecode.c.objc; path = PowerAuthConfiguration.m; sourceTree = "<group>"; };
		BF86E854263C1EBE004C8AE5 /* PowerAuthKeychain.m */ = {isa = PBXFileReference; fileEncoding = 4; lastKnownFileType = sourcecode.c.objc; path = PowerAuthKeychain.m; sourceTree = "<group>"; };
		BF86E8AE263C231B004C8AE5 /* PowerAuthToken.m */ = {isa = PBXFileReference; fileEncoding = 4; lastKnownFileType = sourcecode.c.objc; path = PowerAuthToken.m; sourceTree = "<group>"; };
		BF86E8AF263C231B004C8AE5 /* PowerAuthToken.h */ = {isa = PBXFileReference; fileEncoding = 4; lastKnownFileType = sourcecode.c.h; path = PowerAuthToken.h; sourceTree = "<group>"; };
		BF86E8B6263C2512004C8AE5 /* PowerAuthDeprecated.h */ = {isa = PBXFileReference; lastKnownFileType = sourcecode.c.h; path = PowerAuthDeprecated.h; sourceTree = "<group>"; };
		BF86E8B7263C2512004C8AE5 /* PowerAuthDeprecated.m */ = {isa = PBXFileReference; lastKnownFileType = sourcecode.c.objc; path = PowerAuthDeprecated.m; sourceTree = "<group>"; };
		BF86E8BF263C2706004C8AE5 /* PA2PrivateConstants.h */ = {isa = PBXFileReference; fileEncoding = 4; lastKnownFileType = sourcecode.c.h; path = PA2PrivateConstants.h; sourceTree = "<group>"; };
		BF86E8D4263C2BBF004C8AE5 /* PA2CoreCryptoUtils.h */ = {isa = PBXFileReference; lastKnownFileType = sourcecode.c.h; path = PA2CoreCryptoUtils.h; sourceTree = "<group>"; };
		BF86E8D5263C2BBF004C8AE5 /* PA2CoreCryptoUtils.m */ = {isa = PBXFileReference; lastKnownFileType = sourcecode.c.objc; path = PA2CoreCryptoUtils.m; sourceTree = "<group>"; };
		BFE88CC42F741C570072B083 /* PowerAuthHttpHeader.h */ = {isa = PBXFileReference; lastKnownFileType = sourcecode.c.h; path = PowerAuthHttpHeader.h; sourceTree = "<group>"; };
		BFE88CC52F741C570072B083 /* PowerAuthHttpHeader.m */ = {isa = PBXFileReference; lastKnownFileType = sourcecode.c.objc; path = PowerAuthHttpHeader.m; sourceTree = "<group>"; };
		BFE88CC82F741D710072B083 /* PowerAuthHttpHeader+Private.h */ = {isa = PBXFileReference; lastKnownFileType = sourcecode.c.h; path = "PowerAuthHttpHeader+Private.h"; sourceTree = "<group>"; };
		BFE88CDA2F7BE8D50072B083 /* PA2WCSessionDataHandler.m */ = {isa = PBXFileReference; lastKnownFileType = sourcecode.c.objc; path = PA2WCSessionDataHandler.m; sourceTree = "<group>"; };
		BFE88CDC2F7BE8ED0072B083 /* PA2WCSessionPacket_TimeSync.h */ = {isa = PBXFileReference; lastKnownFileType = sourcecode.c.h; path = PA2WCSessionPacket_TimeSync.h; sourceTree = "<group>"; };
		BFE88CDD2F7BE8ED0072B083 /* PA2WCSessionPacket_TimeSync.m */ = {isa = PBXFileReference; lastKnownFileType = sourcecode.c.objc; path = PA2WCSessionPacket_TimeSync.m; sourceTree = "<group>"; };
		BFE88CE02F7BEA210072B083 /* PowerAuthTimeSynchronizationService.h */ = {isa = PBXFileReference; lastKnownFileType = sourcecode.c.h; path = PowerAuthTimeSynchronizationService.h; sourceTree = "<group>"; };
		BFE88CE22F7BEAFF0072B083 /* PA2WatchTimeSynchronizationService.h */ = {isa = PBXFileReference; lastKnownFileType = sourcecode.c.h; path = PA2WatchTimeSynchronizationService.h; sourceTree = "<group>"; };
		BFE88CE32F7BEAFF0072B083 /* PA2WatchTimeSynchronizationService.m */ = {isa = PBXFileReference; lastKnownFileType = sourcecode.c.objc; path = PA2WatchTimeSynchronizationService.m; sourceTree = "<group>"; };
		BFE88CE62F7BFA2D0072B083 /* PA2CompositeTask.h */ = {isa = PBXFileReference; lastKnownFileType = sourcecode.c.h; path = PA2CompositeTask.h; sourceTree = "<group>"; };
		BFE88CE72F7BFA2D0072B083 /* PA2CompositeTask.m */ = {isa = PBXFileReference; lastKnownFileType = sourcecode.c.objc; path = PA2CompositeTask.m; sourceTree = "<group>"; };
		BFFC5E062F6D6B5E00A1411B /* openssl.xcodeproj */ = {isa = PBXFileReference; lastKnownFileType = "wrapper.pb-project"; name = openssl.xcodeproj; path = "cc7/proj-xcode/openssl.xcodeproj"; sourceTree = "<group>"; };
		BFFC5E142F7160FF00A1411B /* PA2ActivationStatus.h */ = {isa = PBXFileReference; lastKnownFileType = sourcecode.c.h; path = PA2ActivationStatus.h; sourceTree = "<group>"; };
		BFFC5E152F7160FF00A1411B /* PA2ActivationStatus.m */ = {isa = PBXFileReference; lastKnownFileType = sourcecode.c.objc; path = PA2ActivationStatus.m; sourceTree = "<group>"; };
/* End PBXFileReference section */

/* Begin PBXFrameworksBuildPhase section */
		BF86E80C263C1DDF004C8AE5 /* Frameworks */ = {
			isa = PBXFrameworksBuildPhase;
			buildActionMask = 2147483647;
			files = (
			);
			runOnlyForDeploymentPostprocessing = 0;
		};
/* End PBXFrameworksBuildPhase section */

/* Begin PBXGroup section */
		BF4B3587285209BA009A03EF /* sdk */ = {
			isa = PBXGroup;
			children = (
				BF4B3588285209CA009A03EF /* PowerAuthAuthentication+Private.h */,
				BFE88CC82F741D710072B083 /* PowerAuthHttpHeader+Private.h */,
				BFE88CE22F7BEAFF0072B083 /* PA2WatchTimeSynchronizationService.h */,
				BFE88CE32F7BEAFF0072B083 /* PA2WatchTimeSynchronizationService.m */,
			);
			name = sdk;
			sourceTree = "<group>";
		};
		BF86E805263C1DDF004C8AE5 = {
			isa = PBXGroup;
			children = (
				BFFC5E062F6D6B5E00A1411B /* openssl.xcodeproj */,
				BF86E81D263C1EBD004C8AE5 /* PowerAuth2ForWatch */,
				BF86E810263C1DDF004C8AE5 /* Products */,
			);
			sourceTree = "<group>";
		};
		BF86E810263C1DDF004C8AE5 /* Products */ = {
			isa = PBXGroup;
			children = (
				BF86E80F263C1DDF004C8AE5 /* PowerAuth2ForWatch.framework */,
			);
			name = Products;
			sourceTree = "<group>";
		};
		BF86E81D263C1EBD004C8AE5 /* PowerAuth2ForWatch */ = {
			isa = PBXGroup;
			children = (
				BF86E8A4263C20D4004C8AE5 /* support */,
				BF86E82D263C1EBD004C8AE5 /* private */,
				BF86E825263C1EBD004C8AE5 /* PowerAuth2ForWatch.h */,
				BF86E84F263C1EBD004C8AE5 /* PowerAuthWatchSDK.h */,
				BF86E829263C1EBD004C8AE5 /* PowerAuthWatchSDK.m */,
				BF86E8AF263C231B004C8AE5 /* PowerAuthToken.h */,
				BF86E8AE263C231B004C8AE5 /* PowerAuthToken.m */,
				BF86E821263C1EBD004C8AE5 /* PowerAuthSessionStatusProvider.h */,
				BF86E850263C1EBD004C8AE5 /* PowerAuthMacros.h */,
				BFE88CC42F741C570072B083 /* PowerAuthHttpHeader.h */,
				BFE88CC52F741C570072B083 /* PowerAuthHttpHeader.m */,
				BF86E823263C1EBD004C8AE5 /* PowerAuthAuthentication.h */,
				BF86E84B263C1EBD004C8AE5 /* PowerAuthAuthentication.m */,
				BF86E827263C1EBD004C8AE5 /* PowerAuthConfiguration.h */,
				BF86E853263C1EBE004C8AE5 /* PowerAuthConfiguration.m */,
				BF86E84E263C1EBD004C8AE5 /* PowerAuthErrorConstants.h */,
				BF86E824263C1EBD004C8AE5 /* PowerAuthErrorConstants.m */,
				BF86E826263C1EBD004C8AE5 /* PowerAuthKeychain.h */,
				BF86E854263C1EBE004C8AE5 /* PowerAuthKeychain.m */,
				BF1ED078283D01CC00D6B380 /* PowerAuthKeychainAuthentication.h */,
				BF1ED079283D01CC00D6B380 /* PowerAuthKeychainAuthentication.m */,
				BF86E822263C1EBD004C8AE5 /* PowerAuthKeychainConfiguration.h */,
				BF86E84C263C1EBD004C8AE5 /* PowerAuthKeychainConfiguration.m */,
				BF86E82A263C1EBD004C8AE5 /* PowerAuthLog.h */,
				BF86E820263C1EBD004C8AE5 /* PowerAuthLog.m */,
				BF1ED0AA2844C2E400D6B380 /* PowerAuthOperationTask.h */,
				BF86E82B263C1EBD004C8AE5 /* PowerAuthSystem.h */,
				BF86E81F263C1EBD004C8AE5 /* PowerAuthSystem.m */,
				BFE88CE02F7BEA210072B083 /* PowerAuthTimeSynchronizationService.h */,
				BF86E828263C1EBD004C8AE5 /* PowerAuthWCSessionManager.h */,
				BF86E851263C1EBE004C8AE5 /* PowerAuthWCSessionManager.m */,
				BF86E8B6263C2512004C8AE5 /* PowerAuthDeprecated.h */,
				BF86E8B7263C2512004C8AE5 /* PowerAuthDeprecated.m */,
			);
			name = PowerAuth2ForWatch;
			path = Sources/PowerAuth2ForWatch;
			sourceTree = "<group>";
		};
		BF86E82D263C1EBD004C8AE5 /* private */ = {
			isa = PBXGroup;
			children = (
				BF4B3587285209BA009A03EF /* sdk */,
				BF86E891263C1F34004C8AE5 /* watch */,
				BF86E88F263C1F24004C8AE5 /* token */,
				BF86E88D263C1F19004C8AE5 /* system */,
			);
			name = private;
			path = ../PowerAuth2ForWatchPrivate;
			sourceTree = "<group>";
		};
		BF86E88D263C1F19004C8AE5 /* system */ = {
			isa = PBXGroup;
			children = (
				BF1ED0C7284775E200D6B380 /* PA2GroupedTask.h */,
				BF1ED0C8284775E200D6B380 /* PA2GroupedTask.m */,
				BF86E845263C1EBD004C8AE5 /* PA2WeakArray.h */,
				BF86E835263C1EBD004C8AE5 /* PA2WeakArray.m */,
				BF86E838263C1EBD004C8AE5 /* PA2PrivateMacros.h */,
				BF86E843263C1EBD004C8AE5 /* PA2PrivateMacros.m */,
				BF86E8BF263C2706004C8AE5 /* PA2PrivateConstants.h */,
				BF86E8D4263C2BBF004C8AE5 /* PA2CoreCryptoUtils.h */,
				BF86E8D5263C2BBF004C8AE5 /* PA2CoreCryptoUtils.m */,
				BFE88CE62F7BFA2D0072B083 /* PA2CompositeTask.h */,
				BFE88CE72F7BFA2D0072B083 /* PA2CompositeTask.m */,
				BF1ED0AC2844C3FD00D6B380 /* PA2SimpleCancelable.h */,
				BF1ED0AD2844C3FD00D6B380 /* PA2SimpleCancelable.m */,
			);
			name = system;
			sourceTree = "<group>";
		};
		BF86E88F263C1F24004C8AE5 /* token */ = {
			isa = PBXGroup;
			children = (
				BF667E54282D3F5F006E97F8 /* PA2TokenDataLock.h */,
				BF86E84A263C1EBD004C8AE5 /* PA2PrivateTokenInterfaces.h */,
				BF86E833263C1EBD004C8AE5 /* PA2PrivateRemoteTokenProvider.h */,
				BF86E836263C1EBD004C8AE5 /* PA2WatchRemoteTokenProvider.h */,
				BF86E846263C1EBD004C8AE5 /* PA2WatchRemoteTokenProvider.m */,
				BF86E83F263C1EBD004C8AE5 /* PA2PrivateTokenKeychainStore.h */,
				BF86E834263C1EBD004C8AE5 /* PA2PrivateTokenKeychainStore.m */,
				BF86E839263C1EBD004C8AE5 /* PA2PrivateTokenData.h */,
				BF86E842263C1EBD004C8AE5 /* PA2PrivateTokenData.m */,
				BF1ED0CB284775FA00D6B380 /* PA2CreateTokenTask.h */,
				BF1ED0CC284775FA00D6B380 /* PA2CreateTokenTask.m */,
			);
			name = token;
			sourceTree = "<group>";
		};
		BF86E891263C1F34004C8AE5 /* watch */ = {
			isa = PBXGroup;
			children = (
				BF86E89D263C2086004C8AE5 /* model */,
				BF86E831263C1EBD004C8AE5 /* PA2WCSessionDataHandler.h */,
				BFE88CDA2F7BE8D50072B083 /* PA2WCSessionDataHandler.m */,
				BF86E830263C1EBD004C8AE5 /* PA2WatchSynchronizationService.h */,
				BF86E83D263C1EBD004C8AE5 /* PA2WatchSynchronizationService.m */,
				BF86E847263C1EBD004C8AE5 /* PowerAuthWCSessionManager+Private.h */,
				BF86E82F263C1EBD004C8AE5 /* PowerAuthWCSessionManager_WatchServices.m */,
			);
			name = watch;
			sourceTree = "<group>";
		};
		BF86E89D263C2086004C8AE5 /* model */ = {
			isa = PBXGroup;
			children = (
				BF86E83A263C1EBD004C8AE5 /* PA2WCSessionPacket.h */,
				BF86E841263C1EBD004C8AE5 /* PA2WCSessionPacket.m */,
				BF86E83C263C1EBD004C8AE5 /* PA2WCSessionPacket_ActivationStatus.h */,
				BF86E848263C1EBD004C8AE5 /* PA2WCSessionPacket_ActivationStatus.m */,
				BF86E840263C1EBD004C8AE5 /* PA2WCSessionPacket_Constants.h */,
				BF86E832263C1EBD004C8AE5 /* PA2WCSessionPacket_Constants.m */,
				BF86E849263C1EBD004C8AE5 /* PA2WCSessionPacket_Success.h */,
				BF86E83B263C1EBD004C8AE5 /* PA2WCSessionPacket_Success.m */,
				BF86E844263C1EBD004C8AE5 /* PA2WCSessionPacket_TokenData.h */,
				BF86E837263C1EBD004C8AE5 /* PA2WCSessionPacket_TokenData.m */,
				BFE88CDC2F7BE8ED0072B083 /* PA2WCSessionPacket_TimeSync.h */,
				BFE88CDD2F7BE8ED0072B083 /* PA2WCSessionPacket_TimeSync.m */,
				BFFC5E142F7160FF00A1411B /* PA2ActivationStatus.h */,
				BFFC5E152F7160FF00A1411B /* PA2ActivationStatus.m */,
			);
			name = model;
			sourceTree = "<group>";
		};
		BF86E8A4263C20D4004C8AE5 /* support */ = {
			isa = PBXGroup;
			children = (
				BF86E84D263C1EBD004C8AE5 /* PowerAuth2ForWatch.modulemap */,
				BF86E852263C1EBE004C8AE5 /* Info.plist */,
			);
			name = support;
			sourceTree = "<group>";
		};
		BFFC5E072F6D6B5E00A1411B /* Products */ = {
			isa = PBXGroup;
			children = (
			);
			name = Products;
			sourceTree = "<group>";
		};
/* End PBXGroup section */

/* Begin PBXHeadersBuildPhase section */
		BF86E80A263C1DDF004C8AE5 /* Headers */ = {
			isa = PBXHeadersBuildPhase;
			buildActionMask = 2147483647;
			files = (
				BF86E875263C1EBE004C8AE5 /* PA2PrivateTokenKeychainStore.h in Headers */,
				BF86E859263C1EBE004C8AE5 /* PowerAuthKeychainConfiguration.h in Headers */,
				BF86E876263C1EBE004C8AE5 /* PA2WCSessionPacket_Constants.h in Headers */,
				BF86E87A263C1EBE004C8AE5 /* PA2WCSessionPacket_TokenData.h in Headers */,
				BF86E85E263C1EBE004C8AE5 /* PowerAuthConfiguration.h in Headers */,
				BF86E8B8263C2512004C8AE5 /* PowerAuthDeprecated.h in Headers */,
				BF1ED0AE2844C3FD00D6B380 /* PA2SimpleCancelable.h in Headers */,
				BFFC5E172F7160FF00A1411B /* PA2ActivationStatus.h in Headers */,
				BF86E870263C1EBE004C8AE5 /* PA2WCSessionPacket.h in Headers */,
				BF86E87D263C1EBE004C8AE5 /* PowerAuthWCSessionManager+Private.h in Headers */,
				BF86E8D6263C2BBF004C8AE5 /* PA2CoreCryptoUtils.h in Headers */,
				BF86E85C263C1EBE004C8AE5 /* PowerAuth2ForWatch.h in Headers */,
				BF86E858263C1EBE004C8AE5 /* PowerAuthSessionStatusProvider.h in Headers */,
				BF86E885263C1EBE004C8AE5 /* PowerAuthMacros.h in Headers */,
				BFE88CE42F7BEAFF0072B083 /* PA2WatchTimeSynchronizationService.h in Headers */,
				BFE88CC92F741D710072B083 /* PowerAuthHttpHeader+Private.h in Headers */,
				BF1ED0AB2844C2E400D6B380 /* PowerAuthOperationTask.h in Headers */,
				BF86E86F263C1EBE004C8AE5 /* PA2PrivateTokenData.h in Headers */,
				BF86E87B263C1EBE004C8AE5 /* PA2WeakArray.h in Headers */,
				BF86E86E263C1EBE004C8AE5 /* PA2PrivateMacros.h in Headers */,
				BFE88CE82F7BFA2D0072B083 /* PA2CompositeTask.h in Headers */,
				BF86E867263C1EBE004C8AE5 /* PA2WCSessionDataHandler.h in Headers */,
				BF86E862263C1EBE004C8AE5 /* PowerAuthSystem.h in Headers */,
				BFE88CDE2F7BE8ED0072B083 /* PA2WCSessionPacket_TimeSync.h in Headers */,
				BF86E883263C1EBE004C8AE5 /* PowerAuthErrorConstants.h in Headers */,
				BF86E866263C1EBE004C8AE5 /* PA2WatchSynchronizationService.h in Headers */,
				BF86E87F263C1EBE004C8AE5 /* PA2WCSessionPacket_Success.h in Headers */,
				BFE88CE12F7BEA210072B083 /* PowerAuthTimeSynchronizationService.h in Headers */,
				BF1ED07A283D01CC00D6B380 /* PowerAuthKeychainAuthentication.h in Headers */,
				BF86E86C263C1EBE004C8AE5 /* PA2WatchRemoteTokenProvider.h in Headers */,
				BF86E8C0263C2707004C8AE5 /* PA2PrivateConstants.h in Headers */,
				BF86E869263C1EBE004C8AE5 /* PA2PrivateRemoteTokenProvider.h in Headers */,
				BF86E85D263C1EBE004C8AE5 /* PowerAuthKeychain.h in Headers */,
				BF86E884263C1EBE004C8AE5 /* PowerAuthWatchSDK.h in Headers */,
				BF86E861263C1EBE004C8AE5 /* PowerAuthLog.h in Headers */,
				BF86E85A263C1EBE004C8AE5 /* PowerAuthAuthentication.h in Headers */,
				BF86E880263C1EBE004C8AE5 /* PA2PrivateTokenInterfaces.h in Headers */,
				BF1ED0C9284775E200D6B380 /* PA2GroupedTask.h in Headers */,
				BF86E872263C1EBE004C8AE5 /* PA2WCSessionPacket_ActivationStatus.h in Headers */,
				BF86E85F263C1EBE004C8AE5 /* PowerAuthWCSessionManager.h in Headers */,
				BF1ED0CD284775FA00D6B380 /* PA2CreateTokenTask.h in Headers */,
				BF4B3589285209CA009A03EF /* PowerAuthAuthentication+Private.h in Headers */,
				BF667E55282D3F5F006E97F8 /* PA2TokenDataLock.h in Headers */,
				BFE88CC62F741C570072B083 /* PowerAuthHttpHeader.h in Headers */,
				BF86E8B1263C231B004C8AE5 /* PowerAuthToken.h in Headers */,
			);
			runOnlyForDeploymentPostprocessing = 0;
		};
/* End PBXHeadersBuildPhase section */

/* Begin PBXNativeTarget section */
		BF86E80E263C1DDF004C8AE5 /* PowerAuth2ForWatch */ = {
			isa = PBXNativeTarget;
			buildConfigurationList = BF86E817263C1DDF004C8AE5 /* Build configuration list for PBXNativeTarget "PowerAuth2ForWatch" */;
			buildPhases = (
				BF86E80A263C1DDF004C8AE5 /* Headers */,
				BFFC5E182F717E0900A1411B /* [CC7] XCFramework extract */,
				BF86E80B263C1DDF004C8AE5 /* Sources */,
				BF86E80C263C1DDF004C8AE5 /* Frameworks */,
				BF86E80D263C1DDF004C8AE5 /* Resources */,
			);
			buildRules = (
			);
			dependencies = (
				BFFC5E0B2F6D85F200A1411B /* PBXTargetDependency */,
			);
			name = PowerAuth2ForWatch;
			productName = PowerAuth2ForWatch;
			productReference = BF86E80F263C1DDF004C8AE5 /* PowerAuth2ForWatch.framework */;
			productType = "com.apple.product-type.framework";
		};
/* End PBXNativeTarget section */

/* Begin PBXProject section */
		BF86E806263C1DDF004C8AE5 /* Project object */ = {
			isa = PBXProject;
			attributes = {
				BuildIndependentTargetsInParallel = YES;
				LastUpgradeCheck = 2630;
				TargetAttributes = {
					BF86E80E263C1DDF004C8AE5 = {
						CreatedOnToolsVersion = 12.4;
					};
				};
			};
			buildConfigurationList = BF86E809263C1DDF004C8AE5 /* Build configuration list for PBXProject "PowerAuth2ForWatch" */;
			developmentRegion = en;
			hasScannedForEncodings = 0;
			knownRegions = (
				en,
				Base,
			);
			mainGroup = BF86E805263C1DDF004C8AE5;
			minimizedProjectReferenceProxies = 1;
			preferredProjectObjectVersion = 77;
			productRefGroup = BF86E810263C1DDF004C8AE5 /* Products */;
			projectDirPath = "";
			projectReferences = (
				{
					ProductGroup = BFFC5E072F6D6B5E00A1411B /* Products */;
					ProjectRef = BFFC5E062F6D6B5E00A1411B /* openssl.xcodeproj */;
				},
			);
			projectRoot = "";
			targets = (
				BF86E80E263C1DDF004C8AE5 /* PowerAuth2ForWatch */,
			);
		};
/* End PBXProject section */

/* Begin PBXResourcesBuildPhase section */
		BF86E80D263C1DDF004C8AE5 /* Resources */ = {
			isa = PBXResourcesBuildPhase;
			buildActionMask = 2147483647;
			files = (
			);
			runOnlyForDeploymentPostprocessing = 0;
		};
/* End PBXResourcesBuildPhase section */

/* Begin PBXShellScriptBuildPhase section */
		BFFC5E182F717E0900A1411B /* [CC7] XCFramework extract */ = {
			isa = PBXShellScriptBuildPhase;
			alwaysOutOfDate = 1;
			buildActionMask = 2147483647;
			files = (
			);
			inputFileListPaths = (
			);
			inputPaths = (
			);
			name = "[CC7] XCFramework extract";
			outputFileListPaths = (
			);
			outputPaths = (
			);
			runOnlyForDeploymentPostprocessing = 0;
			shellPath = /bin/sh;
			shellScript = "# Prepare platform / architecture specific framework\n\"${PROJECT_DIR}/cc7/openssl-build/xcbuild-helper.sh\" \"${EFFECTIVE_PLATFORM_NAME}\" \"${BUILT_PRODUCTS_DIR}\"\n";
		};
/* End PBXShellScriptBuildPhase section */

/* Begin PBXSourcesBuildPhase section */
		BF86E80B263C1DDF004C8AE5 /* Sources */ = {
			isa = PBXSourcesBuildPhase;
			buildActionMask = 2147483647;
			files = (
				BF86E882263C1EBE004C8AE5 /* PowerAuthKeychainConfiguration.m in Sources */,
				BF1ED07B283D01CC00D6B380 /* PowerAuthKeychainAuthentication.m in Sources */,
				BF86E87E263C1EBE004C8AE5 /* PA2WCSessionPacket_ActivationStatus.m in Sources */,
				BF86E87C263C1EBE004C8AE5 /* PA2WatchRemoteTokenProvider.m in Sources */,
				BF86E879263C1EBE004C8AE5 /* PA2PrivateMacros.m in Sources */,
				BF86E86A263C1EBE004C8AE5 /* PA2PrivateTokenKeychainStore.m in Sources */,
				BF86E860263C1EBE004C8AE5 /* PowerAuthWatchSDK.m in Sources */,
				BF86E8D7263C2BBF004C8AE5 /* PA2CoreCryptoUtils.m in Sources */,
				BF86E86D263C1EBE004C8AE5 /* PA2WCSessionPacket_TokenData.m in Sources */,
				BF86E873263C1EBE004C8AE5 /* PA2WatchSynchronizationService.m in Sources */,
				BF1ED0CA284775E200D6B380 /* PA2GroupedTask.m in Sources */,
				BFE88CE52F7BEAFF0072B083 /* PA2WatchTimeSynchronizationService.m in Sources */,
				BF86E8B9263C2512004C8AE5 /* PowerAuthDeprecated.m in Sources */,
				BF1ED0AF2844C3FD00D6B380 /* PA2SimpleCancelable.m in Sources */,
				BF86E889263C1EBE004C8AE5 /* PowerAuthKeychain.m in Sources */,
				BF86E857263C1EBE004C8AE5 /* PowerAuthLog.m in Sources */,
				BF86E881263C1EBE004C8AE5 /* PowerAuthAuthentication.m in Sources */,
				BF86E856263C1EBE004C8AE5 /* PowerAuthSystem.m in Sources */,
				BFE88CE92F7BFA2D0072B083 /* PA2CompositeTask.m in Sources */,
				BF86E888263C1EBE004C8AE5 /* PowerAuthConfiguration.m in Sources */,
				BF1ED0CE284775FA00D6B380 /* PA2CreateTokenTask.m in Sources */,
				BF86E86B263C1EBE004C8AE5 /* PA2WeakArray.m in Sources */,
				BF86E865263C1EBE004C8AE5 /* PowerAuthWCSessionManager_WatchServices.m in Sources */,
				BF86E871263C1EBE004C8AE5 /* PA2WCSessionPacket_Success.m in Sources */,
				BFE88CDB2F7BE8D50072B083 /* PA2WCSessionDataHandler.m in Sources */,
				BFFC5E162F7160FF00A1411B /* PA2ActivationStatus.m in Sources */,
				BFE88CC72F741C570072B083 /* PowerAuthHttpHeader.m in Sources */,
				BF86E85B263C1EBE004C8AE5 /* PowerAuthErrorConstants.m in Sources */,
				BF86E886263C1EBE004C8AE5 /* PowerAuthWCSessionManager.m in Sources */,
				BF86E8B0263C231B004C8AE5 /* PowerAuthToken.m in Sources */,
				BFE88CDF2F7BE8ED0072B083 /* PA2WCSessionPacket_TimeSync.m in Sources */,
				BF86E868263C1EBE004C8AE5 /* PA2WCSessionPacket_Constants.m in Sources */,
				BF86E878263C1EBE004C8AE5 /* PA2PrivateTokenData.m in Sources */,
				BF86E877263C1EBE004C8AE5 /* PA2WCSessionPacket.m in Sources */,
			);
			runOnlyForDeploymentPostprocessing = 0;
		};
/* End PBXSourcesBuildPhase section */

/* Begin PBXTargetDependency section */
		BFFC5E0B2F6D85F200A1411B /* PBXTargetDependency */ = {
			isa = PBXTargetDependency;
			name = OpenSSL;
			targetProxy = BFFC5E0A2F6D85F200A1411B /* PBXContainerItemProxy */;
		};
/* End PBXTargetDependency section */

/* Begin XCBuildConfiguration section */
		BF86E815263C1DDF004C8AE5 /* Debug */ = {
			isa = XCBuildConfiguration;
			buildSettings = {
				ALWAYS_SEARCH_USER_PATHS = NO;
				APPLICATION_EXTENSION_API_ONLY = YES;
				CLANG_ANALYZER_NONNULL = YES;
				CLANG_ANALYZER_NUMBER_OBJECT_CONVERSION = YES_AGGRESSIVE;
				CLANG_CXX_LANGUAGE_STANDARD = "gnu++14";
				CLANG_CXX_LIBRARY = "libc++";
				CLANG_ENABLE_MODULES = YES;
				CLANG_ENABLE_OBJC_ARC = YES;
				CLANG_ENABLE_OBJC_WEAK = YES;
				CLANG_WARN_BLOCK_CAPTURE_AUTORELEASING = YES;
				CLANG_WARN_BOOL_CONVERSION = YES;
				CLANG_WARN_COMMA = YES;
				CLANG_WARN_CONSTANT_CONVERSION = YES;
				CLANG_WARN_DEPRECATED_OBJC_IMPLEMENTATIONS = YES;
				CLANG_WARN_DIRECT_OBJC_ISA_USAGE = YES_ERROR;
				CLANG_WARN_DOCUMENTATION_COMMENTS = YES;
				CLANG_WARN_EMPTY_BODY = YES;
				CLANG_WARN_ENUM_CONVERSION = YES;
				CLANG_WARN_INFINITE_RECURSION = YES;
				CLANG_WARN_INT_CONVERSION = YES;
				CLANG_WARN_NON_LITERAL_NULL_CONVERSION = YES;
				CLANG_WARN_OBJC_IMPLICIT_RETAIN_SELF = NO;
				CLANG_WARN_OBJC_LITERAL_CONVERSION = YES;
				CLANG_WARN_OBJC_ROOT_CLASS = YES_ERROR;
				CLANG_WARN_QUOTED_INCLUDE_IN_FRAMEWORK_HEADER = YES;
				CLANG_WARN_RANGE_LOOP_ANALYSIS = YES;
				CLANG_WARN_STRICT_PROTOTYPES = YES;
				CLANG_WARN_SUSPICIOUS_MOVE = YES;
				CLANG_WARN_UNGUARDED_AVAILABILITY = YES_AGGRESSIVE;
				CLANG_WARN_UNREACHABLE_CODE = YES;
				CLANG_WARN__DUPLICATE_METHOD_MATCH = YES;
				COPY_PHASE_STRIP = NO;
				CURRENT_PROJECT_VERSION = 1;
				DEBUG_INFORMATION_FORMAT = dwarf;
				ENABLE_STRICT_OBJC_MSGSEND = YES;
				ENABLE_TESTABILITY = YES;
				ENABLE_USER_SCRIPT_SANDBOXING = NO;
				GCC_C_LANGUAGE_STANDARD = gnu11;
				GCC_DYNAMIC_NO_PIC = NO;
				GCC_NO_COMMON_BLOCKS = YES;
				GCC_OPTIMIZATION_LEVEL = 0;
				GCC_PREPROCESSOR_DEFINITIONS = (
					"DEBUG=1",
					"PA2_EXTENSION_SDK=1",
					"PA2_WATCH_SDK=1",
					"$(inherited)",
				);
				GCC_WARN_64_TO_32_BIT_CONVERSION = YES;
				GCC_WARN_ABOUT_RETURN_TYPE = YES_ERROR;
				GCC_WARN_UNDECLARED_SELECTOR = YES;
				GCC_WARN_UNINITIALIZED_AUTOS = YES_AGGRESSIVE;
				GCC_WARN_UNUSED_FUNCTION = YES;
				GCC_WARN_UNUSED_VARIABLE = YES;
				HEADER_SEARCH_PATHS = "$(PROJECT_DIR)/cc7/openssl-lib/apple/include";
				IPHONEOS_DEPLOYMENT_TARGET = 12.0;
				LIBRARY_SEARCH_PATHS = "$(PROJECT_DIR)/cc7/openssl-lib/apple/";
				MACOSX_DEPLOYMENT_TARGET = 10.15;
				MTL_ENABLE_DEBUG_INFO = INCLUDE_SOURCE;
				MTL_FAST_MATH = YES;
				ONLY_ACTIVE_ARCH = YES;
				OTHER_LDFLAGS = (
					"-framework",
					openssl,
				);
				SDKROOT = watchos;
				STRING_CATALOG_GENERATE_SYMBOLS = YES;
				TVOS_DEPLOYMENT_TARGET = 12.0;
				VERSIONING_SYSTEM = "apple-generic";
				VERSION_INFO_PREFIX = "";
				WATCHOS_DEPLOYMENT_TARGET = 4.0;
			};
			name = Debug;
		};
		BF86E816263C1DDF004C8AE5 /* Release */ = {
			isa = XCBuildConfiguration;
			buildSettings = {
				ALWAYS_SEARCH_USER_PATHS = NO;
				APPLICATION_EXTENSION_API_ONLY = YES;
				CLANG_ANALYZER_NONNULL = YES;
				CLANG_ANALYZER_NUMBER_OBJECT_CONVERSION = YES_AGGRESSIVE;
				CLANG_CXX_LANGUAGE_STANDARD = "gnu++14";
				CLANG_CXX_LIBRARY = "libc++";
				CLANG_ENABLE_MODULES = YES;
				CLANG_ENABLE_OBJC_ARC = YES;
				CLANG_ENABLE_OBJC_WEAK = YES;
				CLANG_WARN_BLOCK_CAPTURE_AUTORELEASING = YES;
				CLANG_WARN_BOOL_CONVERSION = YES;
				CLANG_WARN_COMMA = YES;
				CLANG_WARN_CONSTANT_CONVERSION = YES;
				CLANG_WARN_DEPRECATED_OBJC_IMPLEMENTATIONS = YES;
				CLANG_WARN_DIRECT_OBJC_ISA_USAGE = YES_ERROR;
				CLANG_WARN_DOCUMENTATION_COMMENTS = YES;
				CLANG_WARN_EMPTY_BODY = YES;
				CLANG_WARN_ENUM_CONVERSION = YES;
				CLANG_WARN_INFINITE_RECURSION = YES;
				CLANG_WARN_INT_CONVERSION = YES;
				CLANG_WARN_NON_LITERAL_NULL_CONVERSION = YES;
				CLANG_WARN_OBJC_IMPLICIT_RETAIN_SELF = NO;
				CLANG_WARN_OBJC_LITERAL_CONVERSION = YES;
				CLANG_WARN_OBJC_ROOT_CLASS = YES_ERROR;
				CLANG_WARN_QUOTED_INCLUDE_IN_FRAMEWORK_HEADER = YES;
				CLANG_WARN_RANGE_LOOP_ANALYSIS = YES;
				CLANG_WARN_STRICT_PROTOTYPES = YES;
				CLANG_WARN_SUSPICIOUS_MOVE = YES;
				CLANG_WARN_UNGUARDED_AVAILABILITY = YES_AGGRESSIVE;
				CLANG_WARN_UNREACHABLE_CODE = YES;
				CLANG_WARN__DUPLICATE_METHOD_MATCH = YES;
				COPY_PHASE_STRIP = NO;
				CURRENT_PROJECT_VERSION = 1;
				DEBUG_INFORMATION_FORMAT = "dwarf-with-dsym";
				ENABLE_NS_ASSERTIONS = NO;
				ENABLE_STRICT_OBJC_MSGSEND = YES;
				ENABLE_USER_SCRIPT_SANDBOXING = NO;
				GCC_C_LANGUAGE_STANDARD = gnu11;
				GCC_NO_COMMON_BLOCKS = YES;
				GCC_PREPROCESSOR_DEFINITIONS = (
					"PA2_EXTENSION_SDK=1",
					"PA2_WATCH_SDK=1",
					"$(inherited)",
				);
				GCC_WARN_64_TO_32_BIT_CONVERSION = YES;
				GCC_WARN_ABOUT_RETURN_TYPE = YES_ERROR;
				GCC_WARN_UNDECLARED_SELECTOR = YES;
				GCC_WARN_UNINITIALIZED_AUTOS = YES_AGGRESSIVE;
				GCC_WARN_UNUSED_FUNCTION = YES;
				GCC_WARN_UNUSED_VARIABLE = YES;
				HEADER_SEARCH_PATHS = "$(PROJECT_DIR)/cc7/openssl-lib/apple/include";
				IPHONEOS_DEPLOYMENT_TARGET = 12.0;
				LIBRARY_SEARCH_PATHS = "$(PROJECT_DIR)/cc7/openssl-lib/apple/";
				MACOSX_DEPLOYMENT_TARGET = 10.15;
				MTL_ENABLE_DEBUG_INFO = NO;
				MTL_FAST_MATH = YES;
				OTHER_LDFLAGS = (
					"-framework",
					openssl,
				);
				SDKROOT = watchos;
				STRING_CATALOG_GENERATE_SYMBOLS = YES;
				TVOS_DEPLOYMENT_TARGET = 12.0;
				VALIDATE_PRODUCT = YES;
				VERSIONING_SYSTEM = "apple-generic";
				VERSION_INFO_PREFIX = "";
				WATCHOS_DEPLOYMENT_TARGET = 4.0;
			};
			name = Release;
		};
		BF86E818263C1DDF004C8AE5 /* Debug */ = {
			isa = XCBuildConfiguration;
			buildSettings = {
				CODE_SIGN_IDENTITY = "";
				CODE_SIGN_STYLE = Automatic;
				DEFINES_MODULE = YES;
				DYLIB_COMPATIBILITY_VERSION = 1;
				DYLIB_CURRENT_VERSION = 1;
				DYLIB_INSTALL_NAME_BASE = "@rpath";
				ENABLE_MODULE_VERIFIER = YES;
				INFOPLIST_FILE = Sources/PowerAuth2ForWatch/Info.plist;
				INSTALL_PATH = "$(LOCAL_LIBRARY_DIR)/Frameworks";
				LD_RUNPATH_SEARCH_PATHS = (
					"$(inherited)",
					"@executable_path/Frameworks",
					"@loader_path/Frameworks",
				);
				MACOSX_DEPLOYMENT_TARGET = 11.0;
				MODULEMAP_FILE = Sources/PowerAuth2ForWatch/PowerAuth2ForWatch.modulemap;
				MODULE_VERIFIER_SUPPORTED_LANGUAGES = "objective-c objective-c++";
				MODULE_VERIFIER_SUPPORTED_LANGUAGE_STANDARDS = "gnu11 gnu++14";
				PRODUCT_BUNDLE_IDENTIFIER = com.wultra.lib.PowerAuth2ForWatch;
				PRODUCT_NAME = "$(TARGET_NAME:c99extidentifier)";
				SKIP_INSTALL = YES;
			};
			name = Debug;
		};
		BF86E819263C1DDF004C8AE5 /* Release */ = {
			isa = XCBuildConfiguration;
			buildSettings = {
				CODE_SIGN_IDENTITY = "";
				CODE_SIGN_STYLE = Automatic;
				DEFINES_MODULE = YES;
				DYLIB_COMPATIBILITY_VERSION = 1;
				DYLIB_CURRENT_VERSION = 1;
				DYLIB_INSTALL_NAME_BASE = "@rpath";
				ENABLE_MODULE_VERIFIER = YES;
				INFOPLIST_FILE = Sources/PowerAuth2ForWatch/Info.plist;
				INSTALL_PATH = "$(LOCAL_LIBRARY_DIR)/Frameworks";
				LD_RUNPATH_SEARCH_PATHS = (
					"$(inherited)",
					"@executable_path/Frameworks",
					"@loader_path/Frameworks",
				);
				MACOSX_DEPLOYMENT_TARGET = 11.0;
				MODULEMAP_FILE = Sources/PowerAuth2ForWatch/PowerAuth2ForWatch.modulemap;
				MODULE_VERIFIER_SUPPORTED_LANGUAGES = "objective-c objective-c++";
				MODULE_VERIFIER_SUPPORTED_LANGUAGE_STANDARDS = "gnu11 gnu++14";
				PRODUCT_BUNDLE_IDENTIFIER = com.wultra.lib.PowerAuth2ForWatch;
				PRODUCT_NAME = "$(TARGET_NAME:c99extidentifier)";
				SKIP_INSTALL = YES;
			};
			name = Release;
		};
/* End XCBuildConfiguration section */

/* Begin XCConfigurationList section */
		BF86E809263C1DDF004C8AE5 /* Build configuration list for PBXProject "PowerAuth2ForWatch" */ = {
			isa = XCConfigurationList;
			buildConfigurations = (
				BF86E815263C1DDF004C8AE5 /* Debug */,
				BF86E816263C1DDF004C8AE5 /* Release */,
			);
			defaultConfigurationIsVisible = 0;
			defaultConfigurationName = Release;
		};
		BF86E817263C1DDF004C8AE5 /* Build configuration list for PBXNativeTarget "PowerAuth2ForWatch" */ = {
			isa = XCConfigurationList;
			buildConfigurations = (
				BF86E818263C1DDF004C8AE5 /* Debug */,
				BF86E819263C1DDF004C8AE5 /* Release */,
			);
			defaultConfigurationIsVisible = 0;
			defaultConfigurationName = Release;
		};
/* End XCConfigurationList section */
	};
	rootObject = BF86E806263C1DDF004C8AE5 /* Project object */;
}
